# This file is automatically @generated by Cargo.
# It is not intended for manual editing.
version = 3

[[package]]
checksum = "b4f55bd91a0978cbfd91c457a164bab8b4001c833b7f323132c0a4e1922dd44e"
dependencies = [
  "memchr",
]
name = "aho-corasick"
source = "registry+https://github.com/rust-lang/crates.io-index"
version = "0.7.19"

[[package]]
checksum = "8824ecca2e851cec16968d54a01dd372ef8f95b244fb84b84e70128be347c3c6"
dependencies = [
  "term",
]
name = "ascii-canvas"
source = "registry+https://github.com/rust-lang/crates.io-index"
version = "3.0.0"

[[package]]
checksum = "d9b39be18770d11421cdb1b9947a45dd3f37e93092cbf377614828a319d5fee8"
dependencies = [
  "hermit-abi",
  "libc",
  "winapi",
]
name = "atty"
source = "registry+https://github.com/rust-lang/crates.io-index"
version = "0.2.14"

[[package]]
checksum = "d468802bab17cbc0cc575e9b053f41e72aa36bfa6b7f55e3529ffa43161b97fa"
name = "autocfg"
source = "registry+https://github.com/rust-lang/crates.io-index"
version = "1.1.0"

[[package]]
checksum = "0700ddab506f33b20a03b13996eccd309a48e5ff77d0d95926aa0210fb4e95f1"
dependencies = [
  "bit-vec",
]
name = "bit-set"
source = "registry+https://github.com/rust-lang/crates.io-index"
version = "0.5.3"

[[package]]
checksum = "349f9b6a179ed607305526ca489b34ad0a41aed5f7980fa90eb03160b69598fb"
name = "bit-vec"
source = "registry+https://github.com/rust-lang/crates.io-index"
version = "0.6.3"

[[package]]
checksum = "bef38d45163c2f1dde094a7dfd33ccf595c92905c8f8f4fdc18d06fb1037718a"
name = "bitflags"
source = "registry+https://github.com/rust-lang/crates.io-index"
version = "1.3.2"

[[package]]
checksum = "baf1de4339761588bc0619e3cbc0120ee582ebb74b53b4efbf79117bd2da40fd"
name = "cfg-if"
source = "registry+https://github.com/rust-lang/crates.io-index"
version = "1.0.0"

[[package]]
checksum = "7a81dae078cea95a014a339291cec439d2f232ebe854a9d672b796c6afafa9b7"
name = "crunchy"
source = "registry+https://github.com/rust-lang/crates.io-index"
version = "0.2.2"

[[package]]
checksum = "56254986775e3233ffa9c4d7d3faaf6d36a2c09d30b20687e9f88bc8bafc16c8"
name = "diff"
source = "registry+https://github.com/rust-lang/crates.io-index"
version = "0.1.13"

[[package]]
checksum = "b98cf8ebf19c3d1b223e151f99a4f9f0690dca41414773390fc824184ac833e1"
dependencies = [
  "cfg-if",
  "dirs-sys-next",
]
name = "dirs-next"
source = "registry+https://github.com/rust-lang/crates.io-index"
version = "2.0.0"

[[package]]
checksum = "4ebda144c4fe02d1f7ea1a7d9641b6fc6b580adcfa024ae48797ecdeb6825b4d"
dependencies = [
  "libc",
  "redox_users",
  "winapi",
]
name = "dirs-sys-next"
source = "registry+https://github.com/rust-lang/crates.io-index"
version = "0.1.2"

[[package]]
checksum = "90e5c1c8368803113bf0c9584fc495a58b86dc8a29edbf8fe877d21d9507e797"
name = "either"
source = "registry+https://github.com/rust-lang/crates.io-index"
version = "1.8.0"

[[package]]
checksum = "d7402b94a93c24e742487327a7cd839dc9d36fec9de9fb25b09f2dae459f36c3"
dependencies = [
  "log",
]
name = "ena"
source = "registry+https://github.com/rust-lang/crates.io-index"
version = "0.14.0"

[[package]]
checksum = "0ce7134b9999ecaf8bcd65542e436736ef32ddca1b3e06094cb6ec5755203b80"
name = "fixedbitset"
source = "registry+https://github.com/rust-lang/crates.io-index"
version = "0.4.2"

[[package]]
checksum = "4eb1a864a501629691edf6c15a593b7a51eebaa1e8468e9ddc623de7c9b58ec6"
dependencies = [
  "cfg-if",
  "libc",
  "wasi",
]
name = "getrandom"
source = "registry+https://github.com/rust-lang/crates.io-index"
version = "0.2.7"

[[package]]
checksum = "8a9ee70c43aaf417c914396645a0fa852624801b24ebb7ae78fe8272889ac888"
name = "hashbrown"
source = "registry+https://github.com/rust-lang/crates.io-index"
version = "0.12.3"

[[package]]
checksum = "62b467343b94ba476dcb2500d242dadbb39557df889310ac77c5d99100aaac33"
dependencies = [
  "libc",
]
name = "hermit-abi"
source = "registry+https://github.com/rust-lang/crates.io-index"
version = "0.1.19"

[[package]]
checksum = "10a35a97730320ffe8e2d410b5d3b69279b98d2c14bdb8b70ea89ecf7888d41e"
dependencies = [
  "autocfg",
  "hashbrown",
]
name = "indexmap"
source = "registry+https://github.com/rust-lang/crates.io-index"
version = "1.9.1"

[[package]]
checksum = "b0fd2260e829bddf4cb6ea802289de2f86d6a7a690192fbe91b3f46e0f2c8473"
dependencies = [
  "either",
]
name = "itertools"
source = "registry+https://github.com/rust-lang/crates.io-index"
version = "0.10.5"

[[package]]
checksum = "6c8af84674fe1f223a982c933a0ee1086ac4d4052aa0fb8060c12c6ad838e754"
name = "itoa"
source = "registry+https://github.com/rust-lang/crates.io-index"
version = "1.0.3"

[[package]]
checksum = "b30455341b0e18f276fa64540aff54deafb54c589de6aca68659c63dd2d5d823"
dependencies = [
  "ascii-canvas",
  "atty",
  "bit-set",
  "diff",
  "ena",
  "itertools",
  "lalrpop-util",
  "petgraph",
  "pico-args",
  "regex",
  "regex-syntax",
  "string_cache",
  "term",
  "tiny-keccak",
  "unicode-xid",
]
name = "lalrpop"
source = "registry+https://github.com/rust-lang/crates.io-index"
version = "0.19.8"

[[package]]
checksum = "bcf796c978e9b4d983414f4caedc9273aa33ee214c5b887bd55fde84c85d2dc4"
dependencies = [
  "regex",
]
name = "lalrpop-util"
source = "registry+https://github.com/rust-lang/crates.io-index"
version = "0.19.8"

[[package]]
checksum = "68783febc7782c6c5cb401fbda4de5a9898be1762314da0bb2c10ced61f18b0c"
name = "libc"
source = "registry+https://github.com/rust-lang/crates.io-index"
version = "0.2.135"

[[package]]
checksum = "435011366fe56583b16cf956f9df0095b405b82d76425bc8981c0e22e60ec4df"
dependencies = [
  "autocfg",
  "scopeguard",
]
name = "lock_api"
source = "registry+https://github.com/rust-lang/crates.io-index"
version = "0.4.9"

[[package]]
checksum = "abb12e687cfb44aa40f41fc3978ef76448f9b6038cad6aef4259d3c095a2382e"
dependencies = [
  "cfg-if",
]
name = "log"
source = "registry+https://github.com/rust-lang/crates.io-index"
version = "0.4.17"

[[package]]
checksum = "2dffe52ecf27772e601905b7522cb4ef790d2cc203488bbd0e2fe85fcb74566d"
name = "memchr"
source = "registry+https://github.com/rust-lang/crates.io-index"
version = "2.5.0"

[[package]]
checksum = "e4a24736216ec316047a1fc4252e27dabb04218aa4a3f37c6e7ddbf1f9782b54"
name = "new_debug_unreachable"
source = "registry+https://github.com/rust-lang/crates.io-index"
version = "1.0.4"

[[package]]
checksum = "e82dad04139b71a90c080c8463fe0dc7902db5192d939bd0950f074d014339e1"
name = "once_cell"
source = "registry+https://github.com/rust-lang/crates.io-index"
version = "1.15.0"

[[package]]
checksum = "3742b2c103b9f06bc9fff0a37ff4912935851bee6d36f3c02bcc755bcfec228f"
dependencies = [
  "lock_api",
  "parking_lot_core",
]
name = "parking_lot"
source = "registry+https://github.com/rust-lang/crates.io-index"
version = "0.12.1"

[[package]]
checksum = "09a279cbf25cb0757810394fbc1e359949b59e348145c643a939a525692e6929"
dependencies = [
  "cfg-if",
  "libc",
  "redox_syscall",
  "smallvec",
  "windows-sys",
]
name = "parking_lot_core"
source = "registry+https://github.com/rust-lang/crates.io-index"
version = "0.9.3"

[[package]]
checksum = "e6d5014253a1331579ce62aa67443b4a658c5e7dd03d4bc6d302b94474888143"
dependencies = [
  "fixedbitset",
  "indexmap",
]
name = "petgraph"
source = "registry+https://github.com/rust-lang/crates.io-index"
version = "0.6.2"

[[package]]
checksum = "b6796ad771acdc0123d2a88dc428b5e38ef24456743ddb1744ed628f9815c096"
dependencies = [
  "siphasher",
]
name = "phf_shared"
source = "registry+https://github.com/rust-lang/crates.io-index"
version = "0.10.0"

[[package]]
checksum = "db8bcd96cb740d03149cbad5518db9fd87126a10ab519c011893b1754134c468"
name = "pico-args"
source = "registry+https://github.com/rust-lang/crates.io-index"
version = "0.4.2"

[[package]]
checksum = "925383efa346730478fb4838dbe9137d2a47675ad789c546d150a6e1dd4ab31c"
name = "precomputed-hash"
source = "registry+https://github.com/rust-lang/crates.io-index"
version = "0.1.1"

[[package]]
checksum = "94e2ef8dbfc347b10c094890f778ee2e36ca9bb4262e86dc99cd217e35f3470b"
dependencies = [
  "unicode-ident",
]
name = "proc-macro2"
source = "registry+https://github.com/rust-lang/crates.io-index"
version = "1.0.46"

[[package]]
checksum = "bbe448f377a7d6961e30f5955f9b8d106c3f5e449d493ee1b125c1d43c2b5179"
dependencies = [
  "proc-macro2",
]
name = "quote"
source = "registry+https://github.com/rust-lang/crates.io-index"
version = "1.0.21"

[[package]]
checksum = "fb5a58c1855b4b6819d59012155603f0b22ad30cad752600aadfcb695265519a"
dependencies = [
  "bitflags",
]
name = "redox_syscall"
source = "registry+https://github.com/rust-lang/crates.io-index"
version = "0.2.16"

[[package]]
checksum = "b033d837a7cf162d7993aded9304e30a83213c648b6e389db233191f891e5c2b"
dependencies = [
  "getrandom",
  "redox_syscall",
  "thiserror",
]
name = "redox_users"
source = "registry+https://github.com/rust-lang/crates.io-index"
version = "0.4.3"

[[package]]
checksum = "4c4eb3267174b8c6c2f654116623910a0fef09c4753f8dd83db29c48a0df988b"
dependencies = [
  "aho-corasick",
  "memchr",
  "regex-syntax",
]
name = "regex"
source = "registry+https://github.com/rust-lang/crates.io-index"
version = "1.6.0"

[[package]]
checksum = "a3f87b73ce11b1619a3c6332f45341e0047173771e8b8b73f87bfeefb7b56244"
name = "regex-syntax"
source = "registry+https://github.com/rust-lang/crates.io-index"
version = "0.6.27"

[[package]]
checksum = "97477e48b4cf8603ad5f7aaf897467cf42ab4218a38ef76fb14c2d6773a6d6a8"
name = "rustversion"
source = "registry+https://github.com/rust-lang/crates.io-index"
version = "1.0.9"

[[package]]
checksum = "4501abdff3ae82a1c1b477a17252eb69cee9e66eb915c1abaa4f44d873df9f09"
name = "ryu"
source = "registry+https://github.com/rust-lang/crates.io-index"
version = "1.0.11"

[[package]]
checksum = "d29ab0c6d3fc0ee92fe66e2d99f700eab17a8d57d1c1d3b748380fb20baa78cd"
name = "scopeguard"
source = "registry+https://github.com/rust-lang/crates.io-index"
version = "1.1.0"

[[package]]
checksum = "728eb6351430bccb993660dfffc5a72f91ccc1295abaa8ce19b27ebe4f75568b"
dependencies = [
  "serde_derive",
]
name = "serde"
source = "registry+https://github.com/rust-lang/crates.io-index"
version = "1.0.145"

[[package]]
checksum = "81fa1584d3d1bcacd84c277a0dfe21f5b0f6accf4a23d04d4c6d61f1af522b4c"
dependencies = [
  "proc-macro2",
  "quote",
  "syn",
]
name = "serde_derive"
source = "registry+https://github.com/rust-lang/crates.io-index"
version = "1.0.145"

[[package]]
checksum = "e55a28e3aaef9d5ce0506d0a14dbba8054ddc7e499ef522dd8b26859ec9d4a44"
dependencies = [
  "itoa",
  "ryu",
  "serde",
]
name = "serde_json"
source = "registry+https://github.com/rust-lang/crates.io-index"
version = "1.0.85"

[[package]]
checksum = "7bd3e3206899af3f8b12af284fafc038cc1dc2b41d1b89dd17297221c5d225de"
name = "siphasher"
source = "registry+https://github.com/rust-lang/crates.io-index"
version = "0.3.10"

[[package]]
checksum = "a507befe795404456341dfab10cef66ead4c041f62b8b11bbb92bffe5d0953e0"
name = "smallvec"
source = "registry+https://github.com/rust-lang/crates.io-index"
version = "1.10.0"

[[package]]
checksum = "213494b7a2b503146286049378ce02b482200519accc31872ee8be91fa820a08"
dependencies = [
  "new_debug_unreachable",
  "once_cell",
  "parking_lot",
  "phf_shared",
  "precomputed-hash",
]
name = "string_cache"
source = "registry+https://github.com/rust-lang/crates.io-index"
version = "0.8.4"

[[package]]
dependencies = [
  "serde",
  "serde_json",
  "surreal-simple-querybuilder-proc-macro 0.1.0 (registry+https://github.com/rust-lang/crates.io-index)",
]
name = "surreal-simple-querybuilder"
version = "0.3.2"

[[package]]
dependencies = [
  "lalrpop",
  "lalrpop-util",
  "quote",
]
name = "surreal-simple-querybuilder-proc-macro"
version = "0.1.0"

[[package]]
checksum = "6d88e847a01d032e053098923d0dace1720a485b0fbf7e4b8ad8dbf038882acd"
dependencies = [
  "lalrpop",
  "lalrpop-util",
  "quote",
]
name = "surreal-simple-querybuilder-proc-macro"
source = "registry+https://github.com/rust-lang/crates.io-index"
version = "0.1.0"

[[package]]
checksum = "3fcd952facd492f9be3ef0d0b7032a6e442ee9b361d4acc2b1d0c4aaa5f613a1"
dependencies = [
  "proc-macro2",
  "quote",
  "unicode-ident",
]
name = "syn"
source = "registry+https://github.com/rust-lang/crates.io-index"
version = "1.0.102"

[[package]]
checksum = "c59df8ac95d96ff9bede18eb7300b0fda5e5d8d90960e76f8e14ae765eedbf1f"
dependencies = [
  "dirs-next",
  "rustversion",
  "winapi",
]
name = "term"
source = "registry+https://github.com/rust-lang/crates.io-index"
version = "0.7.0"

[[package]]
checksum = "10deb33631e3c9018b9baf9dcbbc4f737320d2b576bac10f6aefa048fa407e3e"
dependencies = [
  "thiserror-impl",
]
name = "thiserror"
source = "registry+https://github.com/rust-lang/crates.io-index"
version = "1.0.37"

[[package]]
checksum = "982d17546b47146b28f7c22e3d08465f6b8903d0ea13c1660d9d84a6e7adcdbb"
dependencies = [
  "proc-macro2",
  "quote",
  "syn",
]
name = "thiserror-impl"
source = "registry+https://github.com/rust-lang/crates.io-index"
version = "1.0.37"

[[package]]
checksum = "2c9d3793400a45f954c52e73d068316d76b6f4e36977e3fcebb13a2721e80237"
dependencies = [
  "crunchy",
]
name = "tiny-keccak"
source = "registry+https://github.com/rust-lang/crates.io-index"
version = "2.0.2"

[[package]]
checksum = "dcc811dc4066ac62f84f11307873c4850cb653bfa9b1719cee2bd2204a4bc5dd"
name = "unicode-ident"
source = "registry+https://github.com/rust-lang/crates.io-index"
version = "1.0.4"

[[package]]
checksum = "f962df74c8c05a667b5ee8bcf162993134c104e96440b663c8daa176dc772d8c"
name = "unicode-xid"
source = "registry+https://github.com/rust-lang/crates.io-index"
version = "0.2.4"

[[package]]
checksum = "9c8d87e72b64a3b4db28d11ce29237c246188f4f51057d65a7eab63b7987e423"
name = "wasi"
source = "registry+https://github.com/rust-lang/crates.io-index"
version = "0.11.0+wasi-snapshot-preview1"

[[package]]
checksum = "5c839a674fcd7a98952e593242ea400abe93992746761e38641405d28b00f419"
dependencies = [
  "winapi-i686-pc-windows-gnu",
  "winapi-x86_64-pc-windows-gnu",
]
name = "winapi"
source = "registry+https://github.com/rust-lang/crates.io-index"
version = "0.3.9"

[[package]]
checksum = "ac3b87c63620426dd9b991e5ce0329eff545bccbbb34f3be09ff6fb6ab51b7b6"
name = "winapi-i686-pc-windows-gnu"
source = "registry+https://github.com/rust-lang/crates.io-index"
version = "0.4.0"

[[package]]
checksum = "712e227841d057c1ee1cd2fb22fa7e5a5461ae8e48fa2ca79ec42cfc1931183f"
name = "winapi-x86_64-pc-windows-gnu"
source = "registry+https://github.com/rust-lang/crates.io-index"
version = "0.4.0"

[[package]]
checksum = "ea04155a16a59f9eab786fe12a4a450e75cdb175f9e0d80da1e17db09f55b8d2"
dependencies = [
  "windows_aarch64_msvc",
  "windows_i686_gnu",
  "windows_i686_msvc",
  "windows_x86_64_gnu",
  "windows_x86_64_msvc",
]
name = "windows-sys"
source = "registry+https://github.com/rust-lang/crates.io-index"
version = "0.36.1"

[[package]]
checksum = "9bb8c3fd39ade2d67e9874ac4f3db21f0d710bee00fe7cab16949ec184eeaa47"
name = "windows_aarch64_msvc"
source = "registry+https://github.com/rust-lang/crates.io-index"
version = "0.36.1"

[[package]]
checksum = "180e6ccf01daf4c426b846dfc66db1fc518f074baa793aa7d9b9aaeffad6a3b6"
name = "windows_i686_gnu"
source = "registry+https://github.com/rust-lang/crates.io-index"
version = "0.36.1"

[[package]]
checksum = "e2e7917148b2812d1eeafaeb22a97e4813dfa60a3f8f78ebe204bcc88f12f024"
name = "windows_i686_msvc"
source = "registry+https://github.com/rust-lang/crates.io-index"
version = "0.36.1"

[[package]]
checksum = "4dcd171b8776c41b97521e5da127a2d86ad280114807d0b2ab1e462bc764d9e1"
name = "windows_x86_64_gnu"
source = "registry+https://github.com/rust-lang/crates.io-index"
version = "0.36.1"

[[package]]
checksum = "c811ca4a8c853ef420abd8592ba53ddbbac90410fab6903b3e79972a631f7680"
name = "windows_x86_64_msvc"
source = "registry+https://github.com/rust-lang/crates.io-index"
version = "0.36.1"
